
Microsoft Visual Studio Solution File, Format Version 12.00
# Visual Studio 2013
VisualStudioVersion = 12.0.31101.0
MinimumVisualStudioVersion = 10.0.40219.1
Project("{FAE04EC0-301F-11D3-BF4B-00C04F79EFBC}") = "CloudConcerts3", "CloudConcerts3\CloudConcerts3.csproj", "{F3EDBA53-8C1F-481B-8037-0466A67D523E}"
EndProject
Project("{00D1A9C2-B5F0-4AF3-8072-F6C62B433612}") = "CloudConcertsData", "CloudConcertsData\CloudConcertsData.sqlproj", "{DDF893C2-650C-41B0-8797-4E57FE8726A3}"
EndProject
Global
	GlobalSection(SolutionConfigurationPlatforms) = preSolution
		Debug|Any CPU = Debug|Any CPU
		Release|Any CPU = Release|Any CPU
	EndGlobalSection
	GlobalSection(ProjectConfigurationPlatforms) = postSolution
		{F3EDBA53-8C1F-481B-8037-0466A67D523E}.Debug|Any CPU.ActiveCfg = Debug|Any CPU
		{F3EDBA53-8C1F-481B-8037-0466A67D523E}.Debug|Any CPU.Build.0 = Debug|Any CPU
		{F3EDBA53-8C1F-481B-8037-0466A67D523E}.Release|Any CPU.ActiveCfg = Release|Any CPU
		{F3EDBA53-8C1F-481B-8037-0466A67D523E}.Release|Any CPU.Build.0 = Release|Any CPU
		{DDF893C2-650C-41B0-8797-4E57FE8726A3}.Debug|Any CPU.ActiveCfg = Debug|Any CPU
		{DDF893C2-650C-41B0-8797-4E57FE8726A3}.Debug|Any CPU.Build.0 = Debug|Any CPU
		{DDF893C2-650C-41B0-8797-4E57FE8726A3}.Debug|Any CPU.Deploy.0 = Debug|Any CPU
		{DDF893C2-650C-41B0-8797-4E57FE8726A3}.Release|Any CPU.ActiveCfg = Release|Any CPU
		{DDF893C2-650C-41B0-8797-4E57FE8726A3}.Release|Any CPU.Build.0 = Release|Any CPU
		{DDF893C2-650C-41B0-8797-4E57FE8726A3}.Release|Any CPU.Deploy.0 = Release|Any CPU
	EndGlobalSection
	GlobalSection(SolutionProperties) = preSolution
		HideSolutionNode = FALSE
	EndGlobalSection
EndGlobal
